
Microsoft Visual Studio Solution File, Format Version 12.00
# Visual Studio Version 17
VisualStudioVersion = 17.14.36623.8
MinimumVisualStudioVersion = 10.0.40219.1
Project("{FAE04EC0-301F-11D3-BF4B-00C04F79EFBC}") = "Survey.Models", "Survey.Models\Survey.Models.csproj", "{C0E75886-70B9-4B16-8E38-1FD8E6BC0245}"
EndProject
Project("{FAE04EC0-301F-11D3-BF4B-00C04F79EFBC}") = "Survey.Data", "Survey.Data\Survey.Data.csproj", "{480D6977-F745-4809-9D26-B6AE77AD6955}"
EndProject
Project("{FAE04EC0-301F-11D3-BF4B-00C04F79EFBC}") = "Survey.Api", "Survey.Api\Survey.Api.csproj", "{66A01276-1C8A-434E-B4AD-4078ABCFD0F3}"
EndProject
Project("{FAE04EC0-301F-11D3-BF4B-00C04F79EFBC}") = "Survey.Tests", "Survey.Tests\Survey.Tests.csproj", "{05FCC7F1-D716-4265-900E-47684923E669}"
EndProject
Global
	GlobalSection(SolutionConfigurationPlatforms) = preSolution
		Debug|Any CPU = Debug|Any CPU
		Release|Any CPU = Release|Any CPU
	EndGlobalSection
	GlobalSection(ProjectConfigurationPlatforms) = postSolution
		{C0E75886-70B9-4B16-8E38-1FD8E6BC0245}.Debug|Any CPU.ActiveCfg = Debug|Any CPU
		{C0E75886-70B9-4B16-8E38-1FD8E6BC0245}.Debug|Any CPU.Build.0 = Debug|Any CPU
		{C0E75886-70B9-4B16-8E38-1FD8E6BC0245}.Release|Any CPU.ActiveCfg = Release|Any CPU
		{C0E75886-70B9-4B16-8E38-1FD8E6BC0245}.Release|Any CPU.Build.0 = Release|Any CPU
		{480D6977-F745-4809-9D26-B6AE77AD6955}.Debug|Any CPU.ActiveCfg = Debug|Any CPU
		{480D6977-F745-4809-9D26-B6AE77AD6955}.Debug|Any CPU.Build.0 = Debug|Any CPU
		{480D6977-F745-4809-9D26-B6AE77AD6955}.Release|Any CPU.ActiveCfg = Release|Any CPU
		{480D6977-F745-4809-9D26-B6AE77AD6955}.Release|Any CPU.Build.0 = Release|Any CPU
		{66A01276-1C8A-434E-B4AD-4078ABCFD0F3}.Debug|Any CPU.ActiveCfg = Debug|Any CPU
		{66A01276-1C8A-434E-B4AD-4078ABCFD0F3}.Debug|Any CPU.Build.0 = Debug|Any CPU
		{66A01276-1C8A-434E-B4AD-4078ABCFD0F3}.Release|Any CPU.ActiveCfg = Release|Any CPU
		{66A01276-1C8A-434E-B4AD-4078ABCFD0F3}.Release|Any CPU.Build.0 = Release|Any CPU
		{05FCC7F1-D716-4265-900E-47684923E669}.Debug|Any CPU.ActiveCfg = Debug|Any CPU
		{05FCC7F1-D716-4265-900E-47684923E669}.Debug|Any CPU.Build.0 = Debug|Any CPU
		{05FCC7F1-D716-4265-900E-47684923E669}.Release|Any CPU.ActiveCfg = Release|Any CPU
		{05FCC7F1-D716-4265-900E-47684923E669}.Release|Any CPU.Build.0 = Release|Any CPU
	EndGlobalSection
	GlobalSection(SolutionProperties) = preSolution
		HideSolutionNode = FALSE
	EndGlobalSection
	GlobalSection(ExtensibilityGlobals) = postSolution
		SolutionGuid = {07CDA570-BE59-449B-A5D9-D0B2B685FBB1}
	EndGlobalSection
EndGlobal
